# This file is autogenerated, do not edit; changes may be undone by the next 'dep ensure'.


[[projects]]
  name = "github.com/apognu/gocal"
  packages = [".","parser"]
  revision = "6353b7dd82da414e72b45466dbfc9c2509e966e7"
  version = "v0.4.1"

[[projects]]
  name = "github.com/logrusorgru/aurora"
  packages = ["."]
  revision = "21d75270181e0436fee7bd58b991c212cf309068"
  version = "v2.0"

[[projects]]
  name = "github.com/urfave/cli"
  packages = ["."]
  revision = "e6cf83ec39f6e1158ced1927d4ed14578fda8edb"
  version = "v1.21.0"

[solve-meta]
  analyzer-name = "dep"
  analyzer-version = 1
  inputs-digest = "4d69869b0ee1fd129f68f51bbad371ae6fb2f0716e547d4967d00db153abdf02"
  solver-name = "gps-cdcl"
  solver-version = 1
